
Microsoft Visual Studio Solution File, Format Version 11.00
# Visual Studio 2010
Project("{FAE04EC0-301F-11D3-BF4B-00C04F79EFBC}") = "Assembly-CSharp", "Assembly-CSharp.csproj", "{BE889EB5-7E56-9330-C4D8-D1F7F83B8A67}"
EndProject
Project("{FAE04EC0-301F-11D3-BF4B-00C04F79EFBC}") = "Assembly-CSharp-firstpass", "Assembly-CSharp-firstpass.csproj", "{0E92D2D5-A71A-0316-C063-D7595429E834}"
EndProject
Project("{FAE04EC0-301F-11D3-BF4B-00C04F79EFBC}") = "Assembly-CSharp-Editor", "Assembly-CSharp-Editor.csproj", "{D30D6206-B2C8-933E-9EE2-246A2B6EF48D}"
EndProject
Project("{FAE04EC0-301F-11D3-BF4B-00C04F79EFBC}") = "Assembly-CSharp-Editor-firstpass", "Assembly-CSharp-Editor-firstpass.csproj", "{71619E7C-4B8C-FC93-C5B6-461EBB884159}"
EndProject
Global
	GlobalSection(SolutionConfigurationPlatforms) = preSolution
		Debug|Any CPU = Debug|Any CPU
		Release|Any CPU = Release|Any CPU
	EndGlobalSection
	GlobalSection(ProjectConfigurationPlatforms) = postSolution
		{BE889EB5-7E56-9330-C4D8-D1F7F83B8A67}.Debug|Any CPU.ActiveCfg = Debug|Any CPU
		{BE889EB5-7E56-9330-C4D8-D1F7F83B8A67}.Debug|Any CPU.Build.0 = Debug|Any CPU
		{BE889EB5-7E56-9330-C4D8-D1F7F83B8A67}.Release|Any CPU.ActiveCfg = Release|Any CPU
		{BE889EB5-7E56-9330-C4D8-D1F7F83B8A67}.Release|Any CPU.Build.0 = Release|Any CPU
		{0E92D2D5-A71A-0316-C063-D7595429E834}.Debug|Any CPU.ActiveCfg = Debug|Any CPU
		{0E92D2D5-A71A-0316-C063-D7595429E834}.Debug|Any CPU.Build.0 = Debug|Any CPU
		{0E92D2D5-A71A-0316-C063-D7595429E834}.Release|Any CPU.ActiveCfg = Release|Any CPU
		{0E92D2D5-A71A-0316-C063-D7595429E834}.Release|Any CPU.Build.0 = Release|Any CPU
		{D30D6206-B2C8-933E-9EE2-246A2B6EF48D}.Debug|Any CPU.ActiveCfg = Debug|Any CPU
		{D30D6206-B2C8-933E-9EE2-246A2B6EF48D}.Debug|Any CPU.Build.0 = Debug|Any CPU
		{D30D6206-B2C8-933E-9EE2-246A2B6EF48D}.Release|Any CPU.ActiveCfg = Release|Any CPU
		{D30D6206-B2C8-933E-9EE2-246A2B6EF48D}.Release|Any CPU.Build.0 = Release|Any CPU
		{71619E7C-4B8C-FC93-C5B6-461EBB884159}.Debug|Any CPU.ActiveCfg = Debug|Any CPU
		{71619E7C-4B8C-FC93-C5B6-461EBB884159}.Debug|Any CPU.Build.0 = Debug|Any CPU
		{71619E7C-4B8C-FC93-C5B6-461EBB884159}.Release|Any CPU.ActiveCfg = Release|Any CPU
		{71619E7C-4B8C-FC93-C5B6-461EBB884159}.Release|Any CPU.Build.0 = Release|Any CPU
	EndGlobalSection
	GlobalSection(SolutionProperties) = preSolution
		HideSolutionNode = FALSE
	EndGlobalSection
EndGlobal
